<?xml version="1.0" encoding="utf-8"?>
<Project ToolsVersion="4.0" xmlns="http://schemas.microsoft.com/developer/msbuild/2003">
  <ItemGroup>
    <Filter Include="wiener">
      <UniqueIdentifier>{f419c016-0a10-44d9-92c6-c9771e93a3c7}</UniqueIdentifier>
    </Filter>
    <Filter Include="wiener\utilities">
      <UniqueIdentifier>{7f28263c-7191-4389-8b9b-74bcd04a482d}</UniqueIdentifier>
    </Filter>
    <Filter Include="wiener\methods">
      <UniqueIdentifier>{f8b9e19e-cbac-4a51-94ee-7eddd0ec5331}</UniqueIdentifier>
    </Filter>
    <Filter Include="wiener\methods\montecarlo">
      <UniqueIdentifier>{6fc196d4-73a2-41d0-9692-5f8def267e12}</UniqueIdentifier>
    </Filter>
    <Filter Include="wiener\math">
      <UniqueIdentifier>{3f7a4263-fb4f-451b-8f4e-d6e6832b43b5}</UniqueIdentifier>
    </Filter>
    <Filter Include="wiener\processes">
      <UniqueIdentifier>{fd9034d3-15df-44c0-b112-4e7e5896224f}</UniqueIdentifier>
    </Filter>
    <Filter Include="wiener\time">
      <UniqueIdentifier>{f283c3fe-f40f-45c1-a2bf-6efe25789e02}</UniqueIdentifier>
    </Filter>
    <Filter Include="wiener\time\calendars">
      <UniqueIdentifier>{4c4ce055-68d6-455c-86dc-8ad92e97c764}</UniqueIdentifier>
    </Filter>
    <Filter Include="wiener\time\daycounters">
      <UniqueIdentifier>{fb657f37-fdfa-445f-8854-3884d506c2c2}</UniqueIdentifier>
    </Filter>
  </ItemGroup>
  <ItemGroup>
    <ClInclude Include="wiener\math\comparison.hpp">
      <Filter>wiener\math</Filter>
    </ClInclude>
    <ClInclude Include="wiener\defines.hpp">
      <Filter>wiener</Filter>
    </ClInclude>
    <ClInclude Include="wiener\errors.hpp">
      <Filter>wiener</Filter>
    </ClInclude>
    <ClInclude Include="wiener\methods\montecarlo\timegrid.hpp">
      <Filter>wiener\methods\montecarlo</Filter>
    </ClInclude>
    <ClInclude Include="wiener\processes\stochasticprocess.hpp">
      <Filter>wiener\processes</Filter>
    </ClInclude>
    <ClInclude Include="wiener\utilities\null.hpp">
      <Filter>wiener\utilities</Filter>
    </ClInclude>
    <ClInclude Include="wiener\time\asx.hpp">
      <Filter>wiener\time</Filter>
    </ClInclude>
    <ClInclude Include="wiener\time\businessdayconvention.hpp">
      <Filter>wiener\time</Filter>
    </ClInclude>
    <ClInclude Include="wiener\time\calendar.hpp">
      <Filter>wiener\time</Filter>
    </ClInclude>
    <ClInclude Include="wiener\time\date.hpp">
      <Filter>wiener\time</Filter>
    </ClInclude>
    <ClInclude Include="wiener\time\dategenerationrule.hpp">
      <Filter>wiener\time</Filter>
    </ClInclude>
    <ClInclude Include="wiener\time\daycounter.hpp">
      <Filter>wiener\time</Filter>
    </ClInclude>
    <ClInclude Include="wiener\time\ecb.hpp">
      <Filter>wiener\time</Filter>
    </ClInclude>
    <ClInclude Include="wiener\time\frequency.hpp">
      <Filter>wiener\time</Filter>
    </ClInclude>
    <ClInclude Include="wiener\time\imm.hpp">
      <Filter>wiener\time</Filter>
    </ClInclude>
    <ClInclude Include="wiener\time\period.hpp">
      <Filter>wiener\time</Filter>
    </ClInclude>
    <ClInclude Include="wiener\time\schedule.hpp">
      <Filter>wiener\time</Filter>
    </ClInclude>
    <ClInclude Include="wiener\time\timeunit.hpp">
      <Filter>wiener\time</Filter>
    </ClInclude>
    <ClInclude Include="wiener\time\weekday.hpp">
      <Filter>wiener\time</Filter>
    </ClInclude>
    <ClInclude Include="wiener\utilities\dataformatters.hpp">
      <Filter>wiener\utilities</Filter>
    </ClInclude>
    <ClInclude Include="wiener\utilities\dataparsers.hpp">
      <Filter>wiener\utilities</Filter>
    </ClInclude>
    <ClInclude Include="wiener\time\daycounters\actual360.hpp">
      <Filter>wiener\time\daycounters</Filter>
    </ClInclude>
    <ClInclude Include="wiener\time\daycounters\actual365fixed.hpp">
      <Filter>wiener\time\daycounters</Filter>
    </ClInclude>
    <ClInclude Include="wiener\time\daycounters\actual365nl.hpp">
      <Filter>wiener\time\daycounters</Filter>
    </ClInclude>
    <ClInclude Include="wiener\time\daycounters\actualactual.hpp">
      <Filter>wiener\time\daycounters</Filter>
    </ClInclude>
    <ClInclude Include="wiener\time\daycounters\business252.hpp">
      <Filter>wiener\time\daycounters</Filter>
    </ClInclude>
    <ClInclude Include="wiener\time\daycounters\one.hpp">
      <Filter>wiener\time\daycounters</Filter>
    </ClInclude>
    <ClInclude Include="wiener\time\daycounters\simpledaycounter.hpp">
      <Filter>wiener\time\daycounters</Filter>
    </ClInclude>
    <ClInclude Include="wiener\time\daycounters\thirty360.hpp">
      <Filter>wiener\time\daycounters</Filter>
    </ClInclude>
    <ClInclude Include="wiener\time\calendars\argentina.hpp">
      <Filter>wiener\time\calendars</Filter>
    </ClInclude>
    <ClInclude Include="wiener\time\calendars\australia.hpp">
      <Filter>wiener\time\calendars</Filter>
    </ClInclude>
    <ClInclude Include="wiener\time\calendars\bespokecalendar.hpp">
      <Filter>wiener\time\calendars</Filter>
    </ClInclude>
    <ClInclude Include="wiener\time\calendars\brazil.hpp">
      <Filter>wiener\time\calendars</Filter>
    </ClInclude>
    <ClInclude Include="wiener\time\calendars\canada.hpp">
      <Filter>wiener\time\calendars</Filter>
    </ClInclude>
    <ClInclude Include="wiener\time\calendars\china.hpp">
      <Filter>wiener\time\calendars</Filter>
    </ClInclude>
    <ClInclude Include="wiener\time\calendars\czechrepublic.hpp">
      <Filter>wiener\time\calendars</Filter>
    </ClInclude>
    <ClInclude Include="wiener\time\calendars\denmark.hpp">
      <Filter>wiener\time\calendars</Filter>
    </ClInclude>
    <ClInclude Include="wiener\time\calendars\finland.hpp">
      <Filter>wiener\time\calendars</Filter>
    </ClInclude>
    <ClInclude Include="wiener\time\calendars\germany.hpp">
      <Filter>wiener\time\calendars</Filter>
    </ClInclude>
    <ClInclude Include="wiener\time\calendars\hongkong.hpp">
      <Filter>wiener\time\calendars</Filter>
    </ClInclude>
    <ClInclude Include="wiener\time\calendars\hungary.hpp">
      <Filter>wiener\time\calendars</Filter>
    </ClInclude>
    <ClInclude Include="wiener\time\calendars\iceland.hpp">
      <Filter>wiener\time\calendars</Filter>
    </ClInclude>
    <ClInclude Include="wiener\time\calendars\india.hpp">
      <Filter>wiener\time\calendars</Filter>
    </ClInclude>
    <ClInclude Include="wiener\time\calendars\indonesia.hpp">
      <Filter>wiener\time\calendars</Filter>
    </ClInclude>
    <ClInclude Include="wiener\time\calendars\israel.hpp">
      <Filter>wiener\time\calendars</Filter>
    </ClInclude>
    <ClInclude Include="wiener\time\calendars\italy.hpp">
      <Filter>wiener\time\calendars</Filter>
    </ClInclude>
    <ClInclude Include="wiener\time\calendars\japan.hpp">
      <Filter>wiener\time\calendars</Filter>
    </ClInclude>
    <ClInclude Include="wiener\time\calendars\jointcalendar.hpp">
      <Filter>wiener\time\calendars</Filter>
    </ClInclude>
    <ClInclude Include="wiener\time\calendars\mexico.hpp">
      <Filter>wiener\time\calendars</Filter>
    </ClInclude>
    <ClInclude Include="wiener\time\calendars\newzealand.hpp">
      <Filter>wiener\time\calendars</Filter>
    </ClInclude>
    <ClInclude Include="wiener\time\calendars\norway.hpp">
      <Filter>wiener\time\calendars</Filter>
    </ClInclude>
    <ClInclude Include="wiener\time\calendars\nullcalendar.hpp">
      <Filter>wiener\time\calendars</Filter>
    </ClInclude>
    <ClInclude Include="wiener\time\calendars\poland.hpp">
      <Filter>wiener\time\calendars</Filter>
    </ClInclude>
    <ClInclude Include="wiener\time\calendars\romania.hpp">
      <Filter>wiener\time\calendars</Filter>
    </ClInclude>
    <ClInclude Include="wiener\time\calendars\russia.hpp">
      <Filter>wiener\time\calendars</Filter>
    </ClInclude>
    <ClInclude Include="wiener\time\calendars\saudiarabia.hpp">
      <Filter>wiener\time\calendars</Filter>
    </ClInclude>
    <ClInclude Include="wiener\time\calendars\singapore.hpp">
      <Filter>wiener\time\calendars</Filter>
    </ClInclude>
    <ClInclude Include="wiener\time\calendars\slovakia.hpp">
      <Filter>wiener\time\calendars</Filter>
    </ClInclude>
    <ClInclude Include="wiener\time\calendars\southafrica.hpp">
      <Filter>wiener\time\calendars</Filter>
    </ClInclude>
    <ClInclude Include="wiener\time\calendars\southkorea.hpp">
      <Filter>wiener\time\calendars</Filter>
    </ClInclude>
    <ClInclude Include="wiener\time\calendars\sweden.hpp">
      <Filter>wiener\time\calendars</Filter>
    </ClInclude>
    <ClInclude Include="wiener\time\calendars\switzerland.hpp">
      <Filter>wiener\time\calendars</Filter>
    </ClInclude>
    <ClInclude Include="wiener\time\calendars\taiwan.hpp">
      <Filter>wiener\time\calendars</Filter>
    </ClInclude>
    <ClInclude Include="wiener\time\calendars\target.hpp">
      <Filter>wiener\time\calendars</Filter>
    </ClInclude>
    <ClInclude Include="wiener\time\calendars\turkey.hpp">
      <Filter>wiener\time\calendars</Filter>
    </ClInclude>
    <ClInclude Include="wiener\time\calendars\ukraine.hpp">
      <Filter>wiener\time\calendars</Filter>
    </ClInclude>
    <ClInclude Include="wiener\time\calendars\unitedkingdom.hpp">
      <Filter>wiener\time\calendars</Filter>
    </ClInclude>
    <ClInclude Include="wiener\time\calendars\unitedstates.hpp">
      <Filter>wiener\time\calendars</Filter>
    </ClInclude>
    <ClInclude Include="wiener\time\calendars\weekendsonly.hpp">
      <Filter>wiener\time\calendars</Filter>
    </ClInclude>
    <ClInclude Include="wiener\methods\montecarlo\samplepath.hpp">
      <Filter>wiener\methods\montecarlo</Filter>
    </ClInclude>
    <ClInclude Include="wiener\processes\wienerprocess.hpp">
      <Filter>wiener\processes</Filter>
    </ClInclude>
  </ItemGroup>
  <ItemGroup>
    <CudaCompile Include="main.cu" />
    <CudaCompile Include="wiener\methods\montecarlo\timegrid.cu">
      <Filter>wiener\methods\montecarlo</Filter>
    </CudaCompile>
    <CudaCompile Include="wiener\methods\montecarlo\samplepath.cu">
      <Filter>wiener\methods\montecarlo</Filter>
    </CudaCompile>
    <CudaCompile Include="wiener\processes\wienerprocess.cu">
      <Filter>wiener\processes</Filter>
    </CudaCompile>
  </ItemGroup>
  <ItemGroup>
    <ClCompile Include="wiener\errors.cpp">
      <Filter>wiener</Filter>
    </ClCompile>
    <ClCompile Include="wiener\time\asx.cpp">
      <Filter>wiener\time</Filter>
    </ClCompile>
    <ClCompile Include="wiener\time\businessdayconvention.cpp">
      <Filter>wiener\time</Filter>
    </ClCompile>
    <ClCompile Include="wiener\time\calendar.cpp">
      <Filter>wiener\time</Filter>
    </ClCompile>
    <ClCompile Include="wiener\time\date.cpp">
      <Filter>wiener\time</Filter>
    </ClCompile>
    <ClCompile Include="wiener\time\dategenerationrule.cpp">
      <Filter>wiener\time</Filter>
    </ClCompile>
    <ClCompile Include="wiener\time\ecb.cpp">
      <Filter>wiener\time</Filter>
    </ClCompile>
    <ClCompile Include="wiener\time\frequency.cpp">
      <Filter>wiener\time</Filter>
    </ClCompile>
    <ClCompile Include="wiener\time\imm.cpp">
      <Filter>wiener\time</Filter>
    </ClCompile>
    <ClCompile Include="wiener\time\period.cpp">
      <Filter>wiener\time</Filter>
    </ClCompile>
    <ClCompile Include="wiener\time\schedule.cpp">
      <Filter>wiener\time</Filter>
    </ClCompile>
    <ClCompile Include="wiener\time\timeunit.cpp">
      <Filter>wiener\time</Filter>
    </ClCompile>
    <ClCompile Include="wiener\time\weekday.cpp">
      <Filter>wiener\time</Filter>
    </ClCompile>
    <ClCompile Include="wiener\utilities\dataformatters.cpp">
      <Filter>wiener\utilities</Filter>
    </ClCompile>
    <ClCompile Include="wiener\utilities\dataparsers.cpp">
      <Filter>wiener\utilities</Filter>
    </ClCompile>
    <ClCompile Include="wiener\time\daycounters\actualactual.cpp">
      <Filter>wiener\time\daycounters</Filter>
    </ClCompile>
    <ClCompile Include="wiener\time\daycounters\business252.cpp">
      <Filter>wiener\time\daycounters</Filter>
    </ClCompile>
    <ClCompile Include="wiener\time\daycounters\simpledaycounter.cpp">
      <Filter>wiener\time\daycounters</Filter>
    </ClCompile>
    <ClCompile Include="wiener\time\daycounters\thirty360.cpp">
      <Filter>wiener\time\daycounters</Filter>
    </ClCompile>
    <ClCompile Include="wiener\time\calendars\argentina.cpp">
      <Filter>wiener\time\calendars</Filter>
    </ClCompile>
    <ClCompile Include="wiener\time\calendars\australia.cpp">
      <Filter>wiener\time\calendars</Filter>
    </ClCompile>
    <ClCompile Include="wiener\time\calendars\bespokecalendar.cpp">
      <Filter>wiener\time\calendars</Filter>
    </ClCompile>
    <ClCompile Include="wiener\time\calendars\brazil.cpp">
      <Filter>wiener\time\calendars</Filter>
    </ClCompile>
    <ClCompile Include="wiener\time\calendars\canada.cpp">
      <Filter>wiener\time\calendars</Filter>
    </ClCompile>
    <ClCompile Include="wiener\time\calendars\china.cpp">
      <Filter>wiener\time\calendars</Filter>
    </ClCompile>
    <ClCompile Include="wiener\time\calendars\czechrepublic.cpp">
      <Filter>wiener\time\calendars</Filter>
    </ClCompile>
    <ClCompile Include="wiener\time\calendars\denmark.cpp">
      <Filter>wiener\time\calendars</Filter>
    </ClCompile>
    <ClCompile Include="wiener\time\calendars\finland.cpp">
      <Filter>wiener\time\calendars</Filter>
    </ClCompile>
    <ClCompile Include="wiener\time\calendars\germany.cpp">
      <Filter>wiener\time\calendars</Filter>
    </ClCompile>
    <ClCompile Include="wiener\time\calendars\hongkong.cpp">
      <Filter>wiener\time\calendars</Filter>
    </ClCompile>
    <ClCompile Include="wiener\time\calendars\hungary.cpp">
      <Filter>wiener\time\calendars</Filter>
    </ClCompile>
    <ClCompile Include="wiener\time\calendars\iceland.cpp">
      <Filter>wiener\time\calendars</Filter>
    </ClCompile>
    <ClCompile Include="wiener\time\calendars\india.cpp">
      <Filter>wiener\time\calendars</Filter>
    </ClCompile>
    <ClCompile Include="wiener\time\calendars\indonesia.cpp">
      <Filter>wiener\time\calendars</Filter>
    </ClCompile>
    <ClCompile Include="wiener\time\calendars\israel.cpp">
      <Filter>wiener\time\calendars</Filter>
    </ClCompile>
    <ClCompile Include="wiener\time\calendars\italy.cpp">
      <Filter>wiener\time\calendars</Filter>
    </ClCompile>
    <ClCompile Include="wiener\time\calendars\japan.cpp">
      <Filter>wiener\time\calendars</Filter>
    </ClCompile>
    <ClCompile Include="wiener\time\calendars\jointcalendar.cpp">
      <Filter>wiener\time\calendars</Filter>
    </ClCompile>
    <ClCompile Include="wiener\time\calendars\mexico.cpp">
      <Filter>wiener\time\calendars</Filter>
    </ClCompile>
    <ClCompile Include="wiener\time\calendars\newzealand.cpp">
      <Filter>wiener\time\calendars</Filter>
    </ClCompile>
    <ClCompile Include="wiener\time\calendars\norway.cpp">
      <Filter>wiener\time\calendars</Filter>
    </ClCompile>
    <ClCompile Include="wiener\time\calendars\poland.cpp">
      <Filter>wiener\time\calendars</Filter>
    </ClCompile>
    <ClCompile Include="wiener\time\calendars\romania.cpp">
      <Filter>wiener\time\calendars</Filter>
    </ClCompile>
    <ClCompile Include="wiener\time\calendars\russia.cpp">
      <Filter>wiener\time\calendars</Filter>
    </ClCompile>
    <ClCompile Include="wiener\time\calendars\saudiarabia.cpp">
      <Filter>wiener\time\calendars</Filter>
    </ClCompile>
    <ClCompile Include="wiener\time\calendars\singapore.cpp">
      <Filter>wiener\time\calendars</Filter>
    </ClCompile>
    <ClCompile Include="wiener\time\calendars\slovakia.cpp">
      <Filter>wiener\time\calendars</Filter>
    </ClCompile>
    <ClCompile Include="wiener\time\calendars\southafrica.cpp">
      <Filter>wiener\time\calendars</Filter>
    </ClCompile>
    <ClCompile Include="wiener\time\calendars\southkorea.cpp">
      <Filter>wiener\time\calendars</Filter>
    </ClCompile>
    <ClCompile Include="wiener\time\calendars\sweden.cpp">
      <Filter>wiener\time\calendars</Filter>
    </ClCompile>
    <ClCompile Include="wiener\time\calendars\switzerland.cpp">
      <Filter>wiener\time\calendars</Filter>
    </ClCompile>
    <ClCompile Include="wiener\time\calendars\taiwan.cpp">
      <Filter>wiener\time\calendars</Filter>
    </ClCompile>
    <ClCompile Include="wiener\time\calendars\target.cpp">
      <Filter>wiener\time\calendars</Filter>
    </ClCompile>
    <ClCompile Include="wiener\time\calendars\turkey.cpp">
      <Filter>wiener\time\calendars</Filter>
    </ClCompile>
    <ClCompile Include="wiener\time\calendars\ukraine.cpp">
      <Filter>wiener\time\calendars</Filter>
    </ClCompile>
    <ClCompile Include="wiener\time\calendars\unitedkingdom.cpp">
      <Filter>wiener\time\calendars</Filter>
    </ClCompile>
    <ClCompile Include="wiener\time\calendars\unitedstates.cpp">
      <Filter>wiener\time\calendars</Filter>
    </ClCompile>
    <ClCompile Include="wiener\time\calendars\weekendsonly.cpp">
      <Filter>wiener\time\calendars</Filter>
    </ClCompile>
  </ItemGroup>
</Project>